// !$*UTF8*$!
{
	archiveVersion = 1;
	classes = {
	};
	objectVersion = 55;
	objects = {

/* Begin PBXBuildFile section */
		184617D9270257710068A3CB /* AppDelegate.swift in Sources */ = {isa = PBXBuildFile; fileRef = 184617D8270257710068A3CB /* AppDelegate.swift */; };
		184617DB270257710068A3CB /* SceneDelegate.swift in Sources */ = {isa = PBXBuildFile; fileRef = 184617DA270257710068A3CB /* SceneDelegate.swift */; };
		184617DD270257710068A3CB /* ViewController.swift in Sources */ = {isa = PBXBuildFile; fileRef = 184617DC270257710068A3CB /* ViewController.swift */; };
		184617E0270257710068A3CB /* Main.storyboard in Resources */ = {isa = PBXBuildFile; fileRef = 184617DE270257710068A3CB /* Main.storyboard */; };
		184617E2270257780068A3CB /* Assets.xcassets in Resources */ = {isa = PBXBuildFile; fileRef = 184617E1270257780068A3CB /* Assets.xcassets */; };
		184617E5270257780068A3CB /* LaunchScreen.storyboard in Resources */ = {isa = PBXBuildFile; fileRef = 184617E3270257780068A3CB /* LaunchScreen.storyboard */; };
		184617F0270257790068A3CB /* HW2_TubaYildizTests.swift in Sources */ = {isa = PBXBuildFile; fileRef = 184617EF270257790068A3CB /* HW2_TubaYildizTests.swift */; };
		184617FA270257790068A3CB /* HW2_TubaYildizUITests.swift in Sources */ = {isa = PBXBuildFile; fileRef = 184617F9270257790068A3CB /* HW2_TubaYildizUITests.swift */; };
		184617FC270257790068A3CB /* HW2_TubaYildizUITestsLaunchTests.swift in Sources */ = {isa = PBXBuildFile; fileRef = 184617FB270257790068A3CB /* HW2_TubaYildizUITestsLaunchTests.swift */; };
		1846180B270324AF0068A3CB /* ActionButton.swift in Sources */ = {isa = PBXBuildFile; fileRef = 1846180A270324AF0068A3CB /* ActionButton.swift */; };
		1846180E27032AE30068A3CB /* BaseView.swift in Sources */ = {isa = PBXBuildFile; fileRef = 1846180D27032AE30068A3CB /* BaseView.swift */; };
		18461810270330020068A3CB /* ActionButtonData.swift in Sources */ = {isa = PBXBuildFile; fileRef = 1846180F270330020068A3CB /* ActionButtonData.swift */; };
		18461812270333610068A3CB /* ActionButtonType.swift in Sources */ = {isa = PBXBuildFile; fileRef = 18461811270333610068A3CB /* ActionButtonType.swift */; };
		184618142703336F0068A3CB /* ActionButtonTheme.swift in Sources */ = {isa = PBXBuildFile; fileRef = 184618132703336F0068A3CB /* ActionButtonTheme.swift */; };
		1846181727037E150068A3CB /* GenericValueProtocol.swift in Sources */ = {isa = PBXBuildFile; fileRef = 1846181627037E150068A3CB /* GenericValueProtocol.swift */; };
		1846181927037F520068A3CB /* GenericBaseView.swift in Sources */ = {isa = PBXBuildFile; fileRef = 1846181827037F520068A3CB /* GenericBaseView.swift */; };
		1846181D27039A140068A3CB /* UIView+Extensions.swift in Sources */ = {isa = PBXBuildFile; fileRef = 1846181C27039A140068A3CB /* UIView+Extensions.swift */; };
		184618202703AB190068A3CB /* ActionModule.swift in Sources */ = {isa = PBXBuildFile; fileRef = 1846181F2703AB190068A3CB /* ActionModule.swift */; };
		184618222703AB4C0068A3CB /* ActionModuleData.swift in Sources */ = {isa = PBXBuildFile; fileRef = 184618212703AB4C0068A3CB /* ActionModuleData.swift */; };
		184618252704EE2A0068A3CB /* LabelComponent.swift in Sources */ = {isa = PBXBuildFile; fileRef = 184618242704EE2A0068A3CB /* LabelComponent.swift */; };
		184618272704EE3E0068A3CB /* LabelComponentData.swift in Sources */ = {isa = PBXBuildFile; fileRef = 184618262704EE3E0068A3CB /* LabelComponentData.swift */; };
		184618292704F3D50068A3CB /* FontManager.swift in Sources */ = {isa = PBXBuildFile; fileRef = 184618282704F3D50068A3CB /* FontManager.swift */; };
		1846182C2704F5DC0068A3CB /* PermissionMainView.swift in Sources */ = {isa = PBXBuildFile; fileRef = 1846182B2704F5DC0068A3CB /* PermissionMainView.swift */; };
		1846182E2704F60C0068A3CB /* PermissionMainViewData.swift in Sources */ = {isa = PBXBuildFile; fileRef = 1846182D2704F60C0068A3CB /* PermissionMainViewData.swift */; };
		184618342704FDD30068A3CB /* PermissionViewController.swift in Sources */ = {isa = PBXBuildFile; fileRef = 184618332704FDD30068A3CB /* PermissionViewController.swift */; };
		18461838270500F40068A3CB /* PermissionImages.swift in Sources */ = {isa = PBXBuildFile; fileRef = 18461837270500F40068A3CB /* PermissionImages.swift */; };
		1846183C270513090068A3CB /* PermissionViewModel.swift in Sources */ = {isa = PBXBuildFile; fileRef = 1846183B270513090068A3CB /* PermissionViewModel.swift */; };
		1846183E270513CC0068A3CB /* PermissionManagerProtocol.swift in Sources */ = {isa = PBXBuildFile; fileRef = 1846183D270513CC0068A3CB /* PermissionManagerProtocol.swift */; };
		18461840270516740068A3CB /* PermissionViewBuilder.swift in Sources */ = {isa = PBXBuildFile; fileRef = 1846183F270516740068A3CB /* PermissionViewBuilder.swift */; };
		18461843270517930068A3CB /* CameraPermissionManager.swift in Sources */ = {isa = PBXBuildFile; fileRef = 18461842270517920068A3CB /* CameraPermissionManager.swift */; };
		18461846270518AA0068A3CB /* PhotosPermissionManager.swift in Sources */ = {isa = PBXBuildFile; fileRef = 18461845270518AA0068A3CB /* PhotosPermissionManager.swift */; };
		18461849270519AA0068A3CB /* PermissionViewFactory.swift in Sources */ = {isa = PBXBuildFile; fileRef = 18461848270519AA0068A3CB /* PermissionViewFactory.swift */; };
		1846184C2705A3090068A3CB /* Localizable.strings in Resources */ = {isa = PBXBuildFile; fileRef = 1846184E2705A3090068A3CB /* Localizable.strings */; };
		184618522705A5A60068A3CB /* PermissionLocalizables.swift in Sources */ = {isa = PBXBuildFile; fileRef = 184618512705A5A60068A3CB /* PermissionLocalizables.swift */; };
		184618542705CAB80068A3CB /* String+Extensions.swift in Sources */ = {isa = PBXBuildFile; fileRef = 184618532705CAB80068A3CB /* String+Extensions.swift */; };
		18461856270623B80068A3CB /* BaseViewController.swift in Sources */ = {isa = PBXBuildFile; fileRef = 18461855270623B80068A3CB /* BaseViewController.swift */; };
/* End PBXBuildFile section */

/* Begin PBXContainerItemProxy section */
		184617EC270257790068A3CB /* PBXContainerItemProxy */ = {
			isa = PBXContainerItemProxy;
			containerPortal = 184617CD270257710068A3CB /* Project object */;
			proxyType = 1;
			remoteGlobalIDString = 184617D4270257710068A3CB;
			remoteInfo = HW2_TubaYildiz;
		};
		184617F6270257790068A3CB /* PBXContainerItemProxy */ = {
			isa = PBXContainerItemProxy;
			containerPortal = 184617CD270257710068A3CB /* Project object */;
			proxyType = 1;
			remoteGlobalIDString = 184617D4270257710068A3CB;
			remoteInfo = HW2_TubaYildiz;
		};
/* End PBXContainerItemProxy section */

/* Begin PBXFileReference section */
		184617D5270257710068A3CB /* HW2_TubaYildiz.app */ = {isa = PBXFileReference; explicitFileType = wrapper.application; includeInIndex = 0; path = HW2_TubaYildiz.app; sourceTree = BUILT_PRODUCTS_DIR; };
		184617D8270257710068A3CB /* AppDelegate.swift */ = {isa = PBXFileReference; lastKnownFileType = sourcecode.swift; path = AppDelegate.swift; sourceTree = "<group>"; };
		184617DA270257710068A3CB /* SceneDelegate.swift */ = {isa = PBXFileReference; lastKnownFileType = sourcecode.swift; path = SceneDelegate.swift; sourceTree = "<group>"; };
		184617DC270257710068A3CB /* ViewController.swift */ = {isa = PBXFileReference; lastKnownFileType = sourcecode.swift; path = ViewController.swift; sourceTree = "<group>"; };
		184617DF270257710068A3CB /* Base */ = {isa = PBXFileReference; lastKnownFileType = file.storyboard; name = Base; path = Base.lproj/Main.storyboard; sourceTree = "<group>"; };
		184617E1270257780068A3CB /* Assets.xcassets */ = {isa = PBXFileReference; lastKnownFileType = folder.assetcatalog; path = Assets.xcassets; sourceTree = "<group>"; };
		184617E4270257780068A3CB /* Base */ = {isa = PBXFileReference; lastKnownFileType = file.storyboard; name = Base; path = Base.lproj/LaunchScreen.storyboard; sourceTree = "<group>"; };
		184617E6270257780068A3CB /* Info.plist */ = {isa = PBXFileReference; lastKnownFileType = text.plist.xml; path = Info.plist; sourceTree = "<group>"; };
		184617EB270257790068A3CB /* HW2_TubaYildizTests.xctest */ = {isa = PBXFileReference; explicitFileType = wrapper.cfbundle; includeInIndex = 0; path = HW2_TubaYildizTests.xctest; sourceTree = BUILT_PRODUCTS_DIR; };
		184617EF270257790068A3CB /* HW2_TubaYildizTests.swift */ = {isa = PBXFileReference; lastKnownFileType = sourcecode.swift; path = HW2_TubaYildizTests.swift; sourceTree = "<group>"; };
		184617F5270257790068A3CB /* HW2_TubaYildizUITests.xctest */ = {isa = PBXFileReference; explicitFileType = wrapper.cfbundle; includeInIndex = 0; path = HW2_TubaYildizUITests.xctest; sourceTree = BUILT_PRODUCTS_DIR; };
		184617F9270257790068A3CB /* HW2_TubaYildizUITests.swift */ = {isa = PBXFileReference; lastKnownFileType = sourcecode.swift; path = HW2_TubaYildizUITests.swift; sourceTree = "<group>"; };
		184617FB270257790068A3CB /* HW2_TubaYildizUITestsLaunchTests.swift */ = {isa = PBXFileReference; lastKnownFileType = sourcecode.swift; path = HW2_TubaYildizUITestsLaunchTests.swift; sourceTree = "<group>"; };
		1846180A270324AF0068A3CB /* ActionButton.swift */ = {isa = PBXFileReference; lastKnownFileType = sourcecode.swift; path = ActionButton.swift; sourceTree = "<group>"; };
		1846180D27032AE30068A3CB /* BaseView.swift */ = {isa = PBXFileReference; lastKnownFileType = sourcecode.swift; path = BaseView.swift; sourceTree = "<group>"; };
		1846180F270330020068A3CB /* ActionButtonData.swift */ = {isa = PBXFileReference; lastKnownFileType = sourcecode.swift; path = ActionButtonData.swift; sourceTree = "<group>"; };
		18461811270333610068A3CB /* ActionButtonType.swift */ = {isa = PBXFileReference; lastKnownFileType = sourcecode.swift; path = ActionButtonType.swift; sourceTree = "<group>"; };
		184618132703336F0068A3CB /* ActionButtonTheme.swift */ = {isa = PBXFileReference; lastKnownFileType = sourcecode.swift; path = ActionButtonTheme.swift; sourceTree = "<group>"; };
		1846181627037E150068A3CB /* GenericValueProtocol.swift */ = {isa = PBXFileReference; lastKnownFileType = sourcecode.swift; path = GenericValueProtocol.swift; sourceTree = "<group>"; };
		1846181827037F520068A3CB /* GenericBaseView.swift */ = {isa = PBXFileReference; lastKnownFileType = sourcecode.swift; path = GenericBaseView.swift; sourceTree = "<group>"; };
		1846181C27039A140068A3CB /* UIView+Extensions.swift */ = {isa = PBXFileReference; lastKnownFileType = sourcecode.swift; path = "UIView+Extensions.swift"; sourceTree = "<group>"; };
		1846181F2703AB190068A3CB /* ActionModule.swift */ = {isa = PBXFileReference; lastKnownFileType = sourcecode.swift; path = ActionModule.swift; sourceTree = "<group>"; };
		184618212703AB4C0068A3CB /* ActionModuleData.swift */ = {isa = PBXFileReference; lastKnownFileType = sourcecode.swift; path = ActionModuleData.swift; sourceTree = "<group>"; };
		184618242704EE2A0068A3CB /* LabelComponent.swift */ = {isa = PBXFileReference; lastKnownFileType = sourcecode.swift; path = LabelComponent.swift; sourceTree = "<group>"; };
		184618262704EE3E0068A3CB /* LabelComponentData.swift */ = {isa = PBXFileReference; lastKnownFileType = sourcecode.swift; path = LabelComponentData.swift; sourceTree = "<group>"; };
		184618282704F3D50068A3CB /* FontManager.swift */ = {isa = PBXFileReference; lastKnownFileType = sourcecode.swift; path = FontManager.swift; sourceTree = "<group>"; };
		1846182B2704F5DC0068A3CB /* PermissionMainView.swift */ = {isa = PBXFileReference; lastKnownFileType = sourcecode.swift; path = PermissionMainView.swift; sourceTree = "<group>"; };
		1846182D2704F60C0068A3CB /* PermissionMainViewData.swift */ = {isa = PBXFileReference; lastKnownFileType = sourcecode.swift; path = PermissionMainViewData.swift; sourceTree = "<group>"; };
		184618332704FDD30068A3CB /* PermissionViewController.swift */ = {isa = PBXFileReference; lastKnownFileType = sourcecode.swift; path = PermissionViewController.swift; sourceTree = "<group>"; };
		18461837270500F40068A3CB /* PermissionImages.swift */ = {isa = PBXFileReference; lastKnownFileType = sourcecode.swift; path = PermissionImages.swift; sourceTree = "<group>"; };
		1846183B270513090068A3CB /* PermissionViewModel.swift */ = {isa = PBXFileReference; lastKnownFileType = sourcecode.swift; path = PermissionViewModel.swift; sourceTree = "<group>"; };
		1846183D270513CC0068A3CB /* PermissionManagerProtocol.swift */ = {isa = PBXFileReference; lastKnownFileType = sourcecode.swift; path = PermissionManagerProtocol.swift; sourceTree = "<group>"; };
		1846183F270516740068A3CB /* PermissionViewBuilder.swift */ = {isa = PBXFileReference; lastKnownFileType = sourcecode.swift; path = PermissionViewBuilder.swift; sourceTree = "<group>"; };
		18461842270517920068A3CB /* CameraPermissionManager.swift */ = {isa = PBXFileReference; lastKnownFileType = sourcecode.swift; path = CameraPermissionManager.swift; sourceTree = "<group>"; };
		18461845270518AA0068A3CB /* PhotosPermissionManager.swift */ = {isa = PBXFileReference; lastKnownFileType = sourcecode.swift; path = PhotosPermissionManager.swift; sourceTree = "<group>"; };
		18461848270519AA0068A3CB /* PermissionViewFactory.swift */ = {isa = PBXFileReference; lastKnownFileType = sourcecode.swift; path = PermissionViewFactory.swift; sourceTree = "<group>"; };
		1846184D2705A3090068A3CB /* en */ = {isa = PBXFileReference; lastKnownFileType = text.plist.strings; name = en; path = en.lproj/Localizable.strings; sourceTree = "<group>"; };
		1846184F2705A34A0068A3CB /* tr */ = {isa = PBXFileReference; lastKnownFileType = text.plist.strings; name = tr; path = tr.lproj/Localizable.strings; sourceTree = "<group>"; };
		184618512705A5A60068A3CB /* PermissionLocalizables.swift */ = {isa = PBXFileReference; lastKnownFileType = sourcecode.swift; path = PermissionLocalizables.swift; sourceTree = "<group>"; };
		184618532705CAB80068A3CB /* String+Extensions.swift */ = {isa = PBXFileReference; lastKnownFileType = sourcecode.swift; path = "String+Extensions.swift"; sourceTree = "<group>"; };
		18461855270623B80068A3CB /* BaseViewController.swift */ = {isa = PBXFileReference; lastKnownFileType = sourcecode.swift; path = BaseViewController.swift; sourceTree = "<group>"; };
/* End PBXFileReference section */

/* Begin PBXFrameworksBuildPhase section */
		184617D2270257710068A3CB /* Frameworks */ = {
			isa = PBXFrameworksBuildPhase;
			buildActionMask = 2147483647;
			files = (
			);
			runOnlyForDeploymentPostprocessing = 0;
		};
		184617E8270257790068A3CB /* Frameworks */ = {
			isa = PBXFrameworksBuildPhase;
			buildActionMask = 2147483647;
			files = (
			);
			runOnlyForDeploymentPostprocessing = 0;
		};
		184617F2270257790068A3CB /* Frameworks */ = {
			isa = PBXFrameworksBuildPhase;
			buildActionMask = 2147483647;
			files = (
			);
			runOnlyForDeploymentPostprocessing = 0;
		};
/* End PBXFrameworksBuildPhase section */

/* Begin PBXGroup section */
		184617CC270257710068A3CB = {
			isa = PBXGroup;
			children = (
				184617D7270257710068A3CB /* HW2_TubaYildiz */,
				184617EE270257790068A3CB /* HW2_TubaYildizTests */,
				184617F8270257790068A3CB /* HW2_TubaYildizUITests */,
				184617D6270257710068A3CB /* Products */,
			);
			sourceTree = "<group>";
		};
		184617D6270257710068A3CB /* Products */ = {
			isa = PBXGroup;
			children = (
				184617D5270257710068A3CB /* HW2_TubaYildiz.app */,
				184617EB270257790068A3CB /* HW2_TubaYildizTests.xctest */,
				184617F5270257790068A3CB /* HW2_TubaYildizUITests.xctest */,
			);
			name = Products;
			sourceTree = "<group>";
		};
		184617D7270257710068A3CB /* HW2_TubaYildiz */ = {
			isa = PBXGroup;
			children = (
				18461839270512740068A3CB /* Managers */,
				184618302704FD6D0068A3CB /* Scenes */,
				184618082703246A0068A3CB /* Components */,
				1846181527037DFC0068A3CB /* Utilities */,
				1846180C27032ABE0068A3CB /* BaseComponent */,
				184617D8270257710068A3CB /* AppDelegate.swift */,
				184617DA270257710068A3CB /* SceneDelegate.swift */,
				184617DC270257710068A3CB /* ViewController.swift */,
				184617DE270257710068A3CB /* Main.storyboard */,
				184617E1270257780068A3CB /* Assets.xcassets */,
				184617E3270257780068A3CB /* LaunchScreen.storyboard */,
				184617E6270257780068A3CB /* Info.plist */,
				1846184E2705A3090068A3CB /* Localizable.strings */,
			);
			path = HW2_TubaYildiz;
			sourceTree = "<group>";
		};
		184617EE270257790068A3CB /* HW2_TubaYildizTests */ = {
			isa = PBXGroup;
			children = (
				184617EF270257790068A3CB /* HW2_TubaYildizTests.swift */,
			);
			path = HW2_TubaYildizTests;
			sourceTree = "<group>";
		};
		184617F8270257790068A3CB /* HW2_TubaYildizUITests */ = {
			isa = PBXGroup;
			children = (
				184617F9270257790068A3CB /* HW2_TubaYildizUITests.swift */,
				184617FB270257790068A3CB /* HW2_TubaYildizUITestsLaunchTests.swift */,
			);
			path = HW2_TubaYildizUITests;
			sourceTree = "<group>";
		};
		184618082703246A0068A3CB /* Components */ = {
			isa = PBXGroup;
			children = (
				1846182A2704F5C70068A3CB /* PermissionMainComponent */,
				184618232704EE0E0068A3CB /* LabelComponent */,
				1846181E2703AAFE0068A3CB /* ActionModuleComponent */,
				18461809270324890068A3CB /* ActionButtonComponent */,
			);
			path = Components;
			sourceTree = "<group>";
		};
		18461809270324890068A3CB /* ActionButtonComponent */ = {
			isa = PBXGroup;
			children = (
				1846180A270324AF0068A3CB /* ActionButton.swift */,
				1846180F270330020068A3CB /* ActionButtonData.swift */,
				18461811270333610068A3CB /* ActionButtonType.swift */,
				184618132703336F0068A3CB /* ActionButtonTheme.swift */,
			);
			path = ActionButtonComponent;
			sourceTree = "<group>";
		};
		1846180C27032ABE0068A3CB /* BaseComponent */ = {
			isa = PBXGroup;
			children = (
				1846181627037E150068A3CB /* GenericValueProtocol.swift */,
				1846180D27032AE30068A3CB /* BaseView.swift */,
				1846181827037F520068A3CB /* GenericBaseView.swift */,
				18461855270623B80068A3CB /* BaseViewController.swift */,
			);
			path = BaseComponent;
			sourceTree = "<group>";
		};
		1846181527037DFC0068A3CB /* Utilities */ = {
			isa = PBXGroup;
			children = (
				184618502705A57F0068A3CB /* PermissionLocalizables */,
				18461835270500D00068A3CB /* AssetHelpers */,
				1846181B270399FE0068A3CB /* Extensions */,
				1846181A270397410068A3CB /* FontManagers */,
			);
			path = Utilities;
			sourceTree = "<group>";
		};
		1846181A270397410068A3CB /* FontManagers */ = {
			isa = PBXGroup;
			children = (
				184618282704F3D50068A3CB /* FontManager.swift */,
			);
			path = FontManagers;
			sourceTree = "<group>";
		};
		1846181B270399FE0068A3CB /* Extensions */ = {
			isa = PBXGroup;
			children = (
				1846181C27039A140068A3CB /* UIView+Extensions.swift */,
				184618532705CAB80068A3CB /* String+Extensions.swift */,
			);
			path = Extensions;
			sourceTree = "<group>";
		};
		1846181E2703AAFE0068A3CB /* ActionModuleComponent */ = {
			isa = PBXGroup;
			children = (
				1846181F2703AB190068A3CB /* ActionModule.swift */,
				184618212703AB4C0068A3CB /* ActionModuleData.swift */,
			);
			path = ActionModuleComponent;
			sourceTree = "<group>";
		};
		184618232704EE0E0068A3CB /* LabelComponent */ = {
			isa = PBXGroup;
			children = (
				184618242704EE2A0068A3CB /* LabelComponent.swift */,
				184618262704EE3E0068A3CB /* LabelComponentData.swift */,
			);
			path = LabelComponent;
			sourceTree = "<group>";
		};
		1846182A2704F5C70068A3CB /* PermissionMainComponent */ = {
			isa = PBXGroup;
			children = (
				1846182B2704F5DC0068A3CB /* PermissionMainView.swift */,
				1846182D2704F60C0068A3CB /* PermissionMainViewData.swift */,
			);
			path = PermissionMainComponent;
			sourceTree = "<group>";
		};
		184618302704FD6D0068A3CB /* Scenes */ = {
			isa = PBXGroup;
			children = (
				184618322704FD950068A3CB /* Permission */,
				184618312704FD780068A3CB /* Main */,
			);
			path = Scenes;
			sourceTree = "<group>";
		};
		184618312704FD780068A3CB /* Main */ = {
			isa = PBXGroup;
			children = (
			);
			path = Main;
			sourceTree = "<group>";
		};
		184618322704FD950068A3CB /* Permission */ = {
			isa = PBXGroup;
			children = (
				184618332704FDD30068A3CB /* PermissionViewController.swift */,
				1846183B270513090068A3CB /* PermissionViewModel.swift */,
				1846183F270516740068A3CB /* PermissionViewBuilder.swift */,
			);
			path = Permission;
			sourceTree = "<group>";
		};
		18461835270500D00068A3CB /* AssetHelpers */ = {
			isa = PBXGroup;
			children = (
				18461836270500E20068A3CB /* PermissionImages */,
			);
			path = AssetHelpers;
			sourceTree = "<group>";
		};
		18461836270500E20068A3CB /* PermissionImages */ = {
			isa = PBXGroup;
			children = (
				18461837270500F40068A3CB /* PermissionImages.swift */,
			);
			path = PermissionImages;
			sourceTree = "<group>";
		};
		18461839270512740068A3CB /* Managers */ = {
			isa = PBXGroup;
			children = (
				18461847270519930068A3CB /* PermissionViewFactory */,
				18461844270518990068A3CB /* PhotosPermissionManager */,
				18461841270517430068A3CB /* CameraPermissionManager */,
				1846183A270512870068A3CB /* PermissionProtocols */,
			);
			path = Managers;
			sourceTree = "<group>";
		};
		1846183A270512870068A3CB /* PermissionProtocols */ = {
			isa = PBXGroup;
			children = (
				1846183D270513CC0068A3CB /* PermissionManagerProtocol.swift */,
			);
			path = PermissionProtocols;
			sourceTree = "<group>";
		};
		18461841270517430068A3CB /* CameraPermissionManager */ = {
			isa = PBXGroup;
			children = (
				18461842270517920068A3CB /* CameraPermissionManager.swift */,
			);
			path = CameraPermissionManager;
			sourceTree = "<group>";
		};
		18461844270518990068A3CB /* PhotosPermissionManager */ = {
			isa = PBXGroup;
			children = (
				18461845270518AA0068A3CB /* PhotosPermissionManager.swift */,
			);
			path = PhotosPermissionManager;
			sourceTree = "<group>";
		};
		18461847270519930068A3CB /* PermissionViewFactory */ = {
			isa = PBXGroup;
			children = (
				18461848270519AA0068A3CB /* PermissionViewFactory.swift */,
			);
			path = PermissionViewFactory;
			sourceTree = "<group>";
		};
		184618502705A57F0068A3CB /* PermissionLocalizables */ = {
			isa = PBXGroup;
			children = (
				184618512705A5A60068A3CB /* PermissionLocalizables.swift */,
			);
			path = PermissionLocalizables;
			sourceTree = "<group>";
		};
/* End PBXGroup section */

/* Begin PBXNativeTarget section */
		184617D4270257710068A3CB /* HW2_TubaYildiz */ = {
			isa = PBXNativeTarget;
			buildConfigurationList = 184617FF270257790068A3CB /* Build configuration list for PBXNativeTarget "HW2_TubaYildiz" */;
			buildPhases = (
				184617D1270257710068A3CB /* Sources */,
				184617D2270257710068A3CB /* Frameworks */,
				184617D3270257710068A3CB /* Resources */,
			);
			buildRules = (
			);
			dependencies = (
			);
			name = HW2_TubaYildiz;
			productName = HW2_TubaYildiz;
			productReference = 184617D5270257710068A3CB /* HW2_TubaYildiz.app */;
			productType = "com.apple.product-type.application";
		};
		184617EA270257790068A3CB /* HW2_TubaYildizTests */ = {
			isa = PBXNativeTarget;
			buildConfigurationList = 18461802270257790068A3CB /* Build configuration list for PBXNativeTarget "HW2_TubaYildizTests" */;
			buildPhases = (
				184617E7270257790068A3CB /* Sources */,
				184617E8270257790068A3CB /* Frameworks */,
				184617E9270257790068A3CB /* Resources */,
			);
			buildRules = (
			);
			dependencies = (
				184617ED270257790068A3CB /* PBXTargetDependency */,
			);
			name = HW2_TubaYildizTests;
			productName = HW2_TubaYildizTests;
			productReference = 184617EB270257790068A3CB /* HW2_TubaYildizTests.xctest */;
			productType = "com.apple.product-type.bundle.unit-test";
		};
		184617F4270257790068A3CB /* HW2_TubaYildizUITests */ = {
			isa = PBXNativeTarget;
			buildConfigurationList = 18461805270257790068A3CB /* Build configuration list for PBXNativeTarget "HW2_TubaYildizUITests" */;
			buildPhases = (
				184617F1270257790068A3CB /* Sources */,
				184617F2270257790068A3CB /* Frameworks */,
				184617F3270257790068A3CB /* Resources */,
			);
			buildRules = (
			);
			dependencies = (
				184617F7270257790068A3CB /* PBXTargetDependency */,
			);
			name = HW2_TubaYildizUITests;
			productName = HW2_TubaYildizUITests;
			productReference = 184617F5270257790068A3CB /* HW2_TubaYildizUITests.xctest */;
			productType = "com.apple.product-type.bundle.ui-testing";
		};
/* End PBXNativeTarget section */

/* Begin PBXProject section */
		184617CD270257710068A3CB /* Project object */ = {
			isa = PBXProject;
			attributes = {
				BuildIndependentTargetsInParallel = 1;
				LastSwiftUpdateCheck = 1300;
				LastUpgradeCheck = 1300;
				TargetAttributes = {
					184617D4270257710068A3CB = {
						CreatedOnToolsVersion = 13.0;
					};
					184617EA270257790068A3CB = {
						CreatedOnToolsVersion = 13.0;
						TestTargetID = 184617D4270257710068A3CB;
					};
					184617F4270257790068A3CB = {
						CreatedOnToolsVersion = 13.0;
						TestTargetID = 184617D4270257710068A3CB;
					};
				};
			};
			buildConfigurationList = 184617D0270257710068A3CB /* Build configuration list for PBXProject "HW2_TubaYildiz" */;
			compatibilityVersion = "Xcode 13.0";
			developmentRegion = en;
			hasScannedForEncodings = 0;
			knownRegions = (
				en,
				Base,
				tr,
			);
			mainGroup = 184617CC270257710068A3CB;
			productRefGroup = 184617D6270257710068A3CB /* Products */;
			projectDirPath = "";
			projectRoot = "";
			targets = (
				184617D4270257710068A3CB /* HW2_TubaYildiz */,
				184617EA270257790068A3CB /* HW2_TubaYildizTests */,
				184617F4270257790068A3CB /* HW2_TubaYildizUITests */,
			);
		};
/* End PBXProject section */

/* Begin PBXResourcesBuildPhase section */
		184617D3270257710068A3CB /* Resources */ = {
			isa = PBXResourcesBuildPhase;
			buildActionMask = 2147483647;
			files = (
				184617E5270257780068A3CB /* LaunchScreen.storyboard in Resources */,
				1846184C2705A3090068A3CB /* Localizable.strings in Resources */,
				184617E2270257780068A3CB /* Assets.xcassets in Resources */,
				184617E0270257710068A3CB /* Main.storyboard in Resources */,
			);
			runOnlyForDeploymentPostprocessing = 0;
		};
		184617E9270257790068A3CB /* Resources */ = {
			isa = PBXResourcesBuildPhase;
			buildActionMask = 2147483647;
			files = (
			);
			runOnlyForDeploymentPostprocessing = 0;
		};
		184617F3270257790068A3CB /* Resources */ = {
			isa = PBXResourcesBuildPhase;
			buildActionMask = 2147483647;
			files = (
			);
			runOnlyForDeploymentPostprocessing = 0;
		};
/* End PBXResourcesBuildPhase section */

/* Begin PBXSourcesBuildPhase section */
		184617D1270257710068A3CB /* Sources */ = {
			isa = PBXSourcesBuildPhase;
			buildActionMask = 2147483647;
			files = (
				1846183E270513CC0068A3CB /* PermissionManagerProtocol.swift in Sources */,
				184617DD270257710068A3CB /* ViewController.swift in Sources */,
				184617D9270257710068A3CB /* AppDelegate.swift in Sources */,
				1846181727037E150068A3CB /* GenericValueProtocol.swift in Sources */,
				184618342704FDD30068A3CB /* PermissionViewController.swift in Sources */,
				1846181927037F520068A3CB /* GenericBaseView.swift in Sources */,
				1846180E27032AE30068A3CB /* BaseView.swift in Sources */,
				18461840270516740068A3CB /* PermissionViewBuilder.swift in Sources */,
				184618542705CAB80068A3CB /* String+Extensions.swift in Sources */,
				1846183C270513090068A3CB /* PermissionViewModel.swift in Sources */,
				184618222703AB4C0068A3CB /* ActionModuleData.swift in Sources */,
				18461846270518AA0068A3CB /* PhotosPermissionManager.swift in Sources */,
				18461810270330020068A3CB /* ActionButtonData.swift in Sources */,
				18461849270519AA0068A3CB /* PermissionViewFactory.swift in Sources */,
				18461838270500F40068A3CB /* PermissionImages.swift in Sources */,
				1846182E2704F60C0068A3CB /* PermissionMainViewData.swift in Sources */,
				184617DB270257710068A3CB /* SceneDelegate.swift in Sources */,
				184618252704EE2A0068A3CB /* LabelComponent.swift in Sources */,
				1846182C2704F5DC0068A3CB /* PermissionMainView.swift in Sources */,
				1846180B270324AF0068A3CB /* ActionButton.swift in Sources */,
				18461812270333610068A3CB /* ActionButtonType.swift in Sources */,
				184618202703AB190068A3CB /* ActionModule.swift in Sources */,
				184618272704EE3E0068A3CB /* LabelComponentData.swift in Sources */,
				184618522705A5A60068A3CB /* PermissionLocalizables.swift in Sources */,
				184618142703336F0068A3CB /* ActionButtonTheme.swift in Sources */,
				18461843270517930068A3CB /* CameraPermissionManager.swift in Sources */,
				184618292704F3D50068A3CB /* FontManager.swift in Sources */,
				1846181D27039A140068A3CB /* UIView+Extensions.swift in Sources */,
				18461856270623B80068A3CB /* BaseViewController.swift in Sources */,
			);
			runOnlyForDeploymentPostprocessing = 0;
		};
		184617E7270257790068A3CB /* Sources */ = {
			isa = PBXSourcesBuildPhase;
			buildActionMask = 2147483647;
			files = (
				184617F0270257790068A3CB /* HW2_TubaYildizTests.swift in Sources */,
			);
			runOnlyForDeploymentPostprocessing = 0;
		};
		184617F1270257790068A3CB /* Sources */ = {
			isa = PBXSourcesBuildPhase;
			buildActionMask = 2147483647;
			files = (
				184617FA270257790068A3CB /* HW2_TubaYildizUITests.swift in Sources */,
				184617FC270257790068A3CB /* HW2_TubaYildizUITestsLaunchTests.swift in Sources */,
			);
			runOnlyForDeploymentPostprocessing = 0;
		};
/* End PBXSourcesBuildPhase section */

/* Begin PBXTargetDependency section */
		184617ED270257790068A3CB /* PBXTargetDependency */ = {
			isa = PBXTargetDependency;
			target = 184617D4270257710068A3CB /* HW2_TubaYildiz */;
			targetProxy = 184617EC270257790068A3CB /* PBXContainerItemProxy */;
		};
		184617F7270257790068A3CB /* PBXTargetDependency */ = {
			isa = PBXTargetDependency;
			target = 184617D4270257710068A3CB /* HW2_TubaYildiz */;
			targetProxy = 184617F6270257790068A3CB /* PBXContainerItemProxy */;
		};
/* End PBXTargetDependency section */

/* Begin PBXVariantGroup section */
		184617DE270257710068A3CB /* Main.storyboard */ = {
			isa = PBXVariantGroup;
			children = (
				184617DF270257710068A3CB /* Base */,
			);
			name = Main.storyboard;
			sourceTree = "<group>";
		};
		184617E3270257780068A3CB /* LaunchScreen.storyboard */ = {
			isa = PBXVariantGroup;
			children = (
				184617E4270257780068A3CB /* Base */,
			);
			name = LaunchScreen.storyboard;
			sourceTree = "<group>";
		};
		1846184E2705A3090068A3CB /* Localizable.strings */ = {
			isa = PBXVariantGroup;
			children = (
				1846184D2705A3090068A3CB /* en */,
				1846184F2705A34A0068A3CB /* tr */,
			);
			name = Localizable.strings;
			sourceTree = "<group>";
		};
/* End PBXVariantGroup section */

/* Begin XCBuildConfiguration section */
		184617FD270257790068A3CB /* Debug */ = {
			isa = XCBuildConfiguration;
			buildSettings = {
				ALWAYS_SEARCH_USER_PATHS = NO;
				CLANG_ANALYZER_LOCALIZABILITY_NONLOCALIZED = YES;
				CLANG_ANALYZER_NONNULL = YES;
				CLANG_ANALYZER_NUMBER_OBJECT_CONVERSION = YES_AGGRESSIVE;
				CLANG_CXX_LANGUAGE_STANDARD = "gnu++17";
				CLANG_CXX_LIBRARY = "libc++";
				CLANG_ENABLE_MODULES = YES;
				CLANG_ENABLE_OBJC_ARC = YES;
				CLANG_ENABLE_OBJC_WEAK = YES;
				CLANG_WARN_BLOCK_CAPTURE_AUTORELEASING = YES;
				CLANG_WARN_BOOL_CONVERSION = YES;
				CLANG_WARN_COMMA = YES;
				CLANG_WARN_CONSTANT_CONVERSION = YES;
				CLANG_WARN_DEPRECATED_OBJC_IMPLEMENTATIONS = YES;
				CLANG_WARN_DIRECT_OBJC_ISA_USAGE = YES_ERROR;
				CLANG_WARN_DOCUMENTATION_COMMENTS = YES;
				CLANG_WARN_EMPTY_BODY = YES;
				CLANG_WARN_ENUM_CONVERSION = YES;
				CLANG_WARN_INFINITE_RECURSION = YES;
				CLANG_WARN_INT_CONVERSION = YES;
				CLANG_WARN_NON_LITERAL_NULL_CONVERSION = YES;
				CLANG_WARN_OBJC_IMPLICIT_RETAIN_SELF = YES;
				CLANG_WARN_OBJC_LITERAL_CONVERSION = YES;
				CLANG_WARN_OBJC_ROOT_CLASS = YES_ERROR;
				CLANG_WARN_QUOTED_INCLUDE_IN_FRAMEWORK_HEADER = YES;
				CLANG_WARN_RANGE_LOOP_ANALYSIS = YES;
				CLANG_WARN_STRICT_PROTOTYPES = YES;
				CLANG_WARN_SUSPICIOUS_MOVE = YES;
				CLANG_WARN_UNGUARDED_AVAILABILITY = YES_AGGRESSIVE;
				CLANG_WARN_UNREACHABLE_CODE = YES;
				CLANG_WARN__DUPLICATE_METHOD_MATCH = YES;
				COPY_PHASE_STRIP = NO;
				DEBUG_INFORMATION_FORMAT = dwarf;
				ENABLE_STRICT_OBJC_MSGSEND = YES;
				ENABLE_TESTABILITY = YES;
				GCC_C_LANGUAGE_STANDARD = gnu11;
				GCC_DYNAMIC_NO_PIC = NO;
				GCC_NO_COMMON_BLOCKS = YES;
				GCC_OPTIMIZATION_LEVEL = 0;
				GCC_PREPROCESSOR_DEFINITIONS = (
					"DEBUG=1",
					"$(inherited)",
				);
				GCC_WARN_64_TO_32_BIT_CONVERSION = YES;
				GCC_WARN_ABOUT_RETURN_TYPE = YES_ERROR;
				GCC_WARN_UNDECLARED_SELECTOR = YES;
				GCC_WARN_UNINITIALIZED_AUTOS = YES_AGGRESSIVE;
				GCC_WARN_UNUSED_FUNCTION = YES;
				GCC_WARN_UNUSED_VARIABLE = YES;
				IPHONEOS_DEPLOYMENT_TARGET = 15.0;
				MTL_ENABLE_DEBUG_INFO = INCLUDE_SOURCE;
				MTL_FAST_MATH = YES;
				ONLY_ACTIVE_ARCH = YES;
				SDKROOT = iphoneos;
				SWIFT_ACTIVE_COMPILATION_CONDITIONS = DEBUG;
				SWIFT_OPTIMIZATION_LEVEL = "-Onone";
			};
			name = Debug;
		};
		184617FE270257790068A3CB /* Release */ = {
			isa = XCBuildConfiguration;
			buildSettings = {
				ALWAYS_SEARCH_USER_PATHS = NO;
				CLANG_ANALYZER_LOCALIZABILITY_NONLOCALIZED = YES;
				CLANG_ANALYZER_NONNULL = YES;
				CLANG_ANALYZER_NUMBER_OBJECT_CONVERSION = YES_AGGRESSIVE;
				CLANG_CXX_LANGUAGE_STANDARD = "gnu++17";
				CLANG_CXX_LIBRARY = "libc++";
				CLANG_ENABLE_MODULES = YES;
				CLANG_ENABLE_OBJC_ARC = YES;
				CLANG_ENABLE_OBJC_WEAK = YES;
				CLANG_WARN_BLOCK_CAPTURE_AUTORELEASING = YES;
				CLANG_WARN_BOOL_CONVERSION = YES;
				CLANG_WARN_COMMA = YES;
				CLANG_WARN_CONSTANT_CONVERSION = YES;
				CLANG_WARN_DEPRECATED_OBJC_IMPLEMENTATIONS = YES;
				CLANG_WARN_DIRECT_OBJC_ISA_USAGE = YES_ERROR;
				CLANG_WARN_DOCUMENTATION_COMMENTS = YES;
				CLANG_WARN_EMPTY_BODY = YES;
				CLANG_WARN_ENUM_CONVERSION = YES;
				CLANG_WARN_INFINITE_RECURSION = YES;
				CLANG_WARN_INT_CONVERSION = YES;
				CLANG_WARN_NON_LITERAL_NULL_CONVERSION = YES;
				CLANG_WARN_OBJC_IMPLICIT_RETAIN_SELF = YES;
				CLANG_WARN_OBJC_LITERAL_CONVERSION = YES;
				CLANG_WARN_OBJC_ROOT_CLASS = YES_ERROR;
				CLANG_WARN_QUOTED_INCLUDE_IN_FRAMEWORK_HEADER = YES;
				CLANG_WARN_RANGE_LOOP_ANALYSIS = YES;
				CLANG_WARN_STRICT_PROTOTYPES = YES;
				CLANG_WARN_SUSPICIOUS_MOVE = YES;
				CLANG_WARN_UNGUARDED_AVAILABILITY = YES_AGGRESSIVE;
				CLANG_WARN_UNREACHABLE_CODE = YES;
				CLANG_WARN__DUPLICATE_METHOD_MATCH = YES;
				COPY_PHASE_STRIP = NO;
				DEBUG_INFORMATION_FORMAT = "dwarf-with-dsym";
				ENABLE_NS_ASSERTIONS = NO;
				ENABLE_STRICT_OBJC_MSGSEND = YES;
				GCC_C_LANGUAGE_STANDARD = gnu11;
				GCC_NO_COMMON_BLOCKS = YES;
				GCC_WARN_64_TO_32_BIT_CONVERSION = YES;
				GCC_WARN_ABOUT_RETURN_TYPE = YES_ERROR;
				GCC_WARN_UNDECLARED_SELECTOR = YES;
				GCC_WARN_UNINITIALIZED_AUTOS = YES_AGGRESSIVE;
				GCC_WARN_UNUSED_FUNCTION = YES;
				GCC_WARN_UNUSED_VARIABLE = YES;
				IPHONEOS_DEPLOYMENT_TARGET = 15.0;
				MTL_ENABLE_DEBUG_INFO = NO;
				MTL_FAST_MATH = YES;
				SDKROOT = iphoneos;
				SWIFT_COMPILATION_MODE = wholemodule;
				SWIFT_OPTIMIZATION_LEVEL = "-O";
				VALIDATE_PRODUCT = YES;
			};
			name = Release;
		};
		18461800270257790068A3CB /* Debug */ = {
			isa = XCBuildConfiguration;
			buildSettings = {
				ASSETCATALOG_COMPILER_APPICON_NAME = AppIcon;
				ASSETCATALOG_COMPILER_GLOBAL_ACCENT_COLOR_NAME = AccentColor;
				CODE_SIGN_STYLE = Automatic;
				CURRENT_PROJECT_VERSION = 1;
				GENERATE_INFOPLIST_FILE = YES;
				INFOPLIST_FILE = HW2_TubaYildiz/Info.plist;
				INFOPLIST_KEY_UIApplicationSupportsIndirectInputEvents = YES;
				INFOPLIST_KEY_UILaunchStoryboardName = LaunchScreen;
				INFOPLIST_KEY_UIMainStoryboardFile = Main;
				INFOPLIST_KEY_UISupportedInterfaceOrientations_iPad = "UIInterfaceOrientationPortrait UIInterfaceOrientationPortraitUpsideDown UIInterfaceOrientationLandscapeLeft UIInterfaceOrientationLandscapeRight";
				INFOPLIST_KEY_UISupportedInterfaceOrientations_iPhone = "UIInterfaceOrientationPortrait UIInterfaceOrientationLandscapeLeft UIInterfaceOrientationLandscapeRight";
				LD_RUNPATH_SEARCH_PATHS = (
					"$(inherited)",
					"@executable_path/Frameworks",
				);
				MARKETING_VERSION = 1.0;
				PRODUCT_BUNDLE_IDENTIFIER = "or.HW2-TubaYildiz";
				PRODUCT_NAME = "$(TARGET_NAME)";
				SWIFT_EMIT_LOC_STRINGS = YES;
				SWIFT_VERSION = 5.0;
				TARGETED_DEVICE_FAMILY = "1,2";
			};
			name = Debug;
		};
		18461801270257790068A3CB /* Release */ = {
			isa = XCBuildConfiguration;
			buildSettings = {
				ASSETCATALOG_COMPILER_APPICON_NAME = AppIcon;
				ASSETCATALOG_COMPILER_GLOBAL_ACCENT_COLOR_NAME = AccentColor;
				CODE_SIGN_STYLE = Automatic;
				CURRENT_PROJECT_VERSION = 1;
				GENERATE_INFOPLIST_FILE = YES;
				INFOPLIST_FILE = HW2_TubaYildiz/Info.plist;
				INFOPLIST_KEY_UIApplicationSupportsIndirectInputEvents = YES;
				INFOPLIST_KEY_UILaunchStoryboardName = LaunchScreen;
				INFOPLIST_KEY_UIMainStoryboardFile = Main;
				INFOPLIST_KEY_UISupportedInterfaceOrientations_iPad = "UIInterfaceOrientationPortrait UIInterfaceOrientationPortraitUpsideDown UIInterfaceOrientationLandscapeLeft UIInterfaceOrientationLandscapeRight";
				INFOPLIST_KEY_UISupportedInterfaceOrientations_iPhone = "UIInterfaceOrientationPortrait UIInterfaceOrientationLandscapeLeft UIInterfaceOrientationLandscapeRight";
				LD_RUNPATH_SEARCH_PATHS = (
					"$(inherited)",
					"@executable_path/Frameworks",
				);
				MARKETING_VERSION = 1.0;
				PRODUCT_BUNDLE_IDENTIFIER = "or.HW2-TubaYildiz";
				PRODUCT_NAME = "$(TARGET_NAME)";
				SWIFT_EMIT_LOC_STRINGS = YES;
				SWIFT_VERSION = 5.0;
				TARGETED_DEVICE_FAMILY = "1,2";
			};
			name = Release;
		};
		18461803270257790068A3CB /* Debug */ = {
			isa = XCBuildConfiguration;
			buildSettings = {
				ALWAYS_EMBED_SWIFT_STANDARD_LIBRARIES = YES;
				BUNDLE_LOADER = "$(TEST_HOST)";
				CODE_SIGN_STYLE = Automatic;
				CURRENT_PROJECT_VERSION = 1;
				GENERATE_INFOPLIST_FILE = YES;
				IPHONEOS_DEPLOYMENT_TARGET = 15.0;
				LD_RUNPATH_SEARCH_PATHS = (
					"$(inherited)",
					"@executable_path/Frameworks",
					"@loader_path/Frameworks",
				);
				MARKETING_VERSION = 1.0;
				PRODUCT_BUNDLE_IDENTIFIER = "or.HW2-TubaYildizTests";
				PRODUCT_NAME = "$(TARGET_NAME)";
				SWIFT_EMIT_LOC_STRINGS = NO;
				SWIFT_VERSION = 5.0;
				TARGETED_DEVICE_FAMILY = "1,2";
				TEST_HOST = "$(BUILT_PRODUCTS_DIR)/HW2_TubaYildiz.app/HW2_TubaYildiz";
			};
			name = Debug;
		};
		18461804270257790068A3CB /* Release */ = {
			isa = XCBuildConfiguration;
			buildSettings = {
				ALWAYS_EMBED_SWIFT_STANDARD_LIBRARIES = YES;
				BUNDLE_LOADER = "$(TEST_HOST)";
				CODE_SIGN_STYLE = Automatic;
				CURRENT_PROJECT_VERSION = 1;
				GENERATE_INFOPLIST_FILE = YES;
				IPHONEOS_DEPLOYMENT_TARGET = 15.0;
				LD_RUNPATH_SEARCH_PATHS = (
					"$(inherited)",
					"@executable_path/Frameworks",
					"@loader_path/Frameworks",
				);
				MARKETING_VERSION = 1.0;
				PRODUCT_BUNDLE_IDENTIFIER = "or.HW2-TubaYildizTests";
				PRODUCT_NAME = "$(TARGET_NAME)";
				SWIFT_EMIT_LOC_STRINGS = NO;
				SWIFT_VERSION = 5.0;
				TARGETED_DEVICE_FAMILY = "1,2";
				TEST_HOST = "$(BUILT_PRODUCTS_DIR)/HW2_TubaYildiz.app/HW2_TubaYildiz";
			};
			name = Release;
		};
		18461806270257790068A3CB /* Debug */ = {
			isa = XCBuildConfiguration;
			buildSettings = {
				ALWAYS_EMBED_SWIFT_STANDARD_LIBRARIES = YES;
				CODE_SIGN_STYLE = Automatic;
				CURRENT_PROJECT_VERSION = 1;
				GENERATE_INFOPLIST_FILE = YES;
				LD_RUNPATH_SEARCH_PATHS = (
					"$(inherited)",
					"@executable_path/Frameworks",
					"@loader_path/Frameworks",
				);
				MARKETING_VERSION = 1.0;
				PRODUCT_BUNDLE_IDENTIFIER = "or.HW2-TubaYildizUITests";
				PRODUCT_NAME = "$(TARGET_NAME)";
				SWIFT_EMIT_LOC_STRINGS = NO;
				SWIFT_VERSION = 5.0;
				TARGETED_DEVICE_FAMILY = "1,2";
				TEST_TARGET_NAME = HW2_TubaYildiz;
			};
			name = Debug;
		};
		18461807270257790068A3CB /* Release */ = {
			isa = XCBuildConfiguration;
			buildSettings = {
				ALWAYS_EMBED_SWIFT_STANDARD_LIBRARIES = YES;
				CODE_SIGN_STYLE = Automatic;
				CURRENT_PROJECT_VERSION = 1;
				GENERATE_INFOPLIST_FILE = YES;
				LD_RUNPATH_SEARCH_PATHS = (
					"$(inherited)",
					"@executable_path/Frameworks",
					"@loader_path/Frameworks",
				);
				MARKETING_VERSION = 1.0;
				PRODUCT_BUNDLE_IDENTIFIER = "or.HW2-TubaYildizUITests";
				PRODUCT_NAME = "$(TARGET_NAME)";
				SWIFT_EMIT_LOC_STRINGS = NO;
				SWIFT_VERSION = 5.0;
				TARGETED_DEVICE_FAMILY = "1,2";
				TEST_TARGET_NAME = HW2_TubaYildiz;
			};
			name = Release;
		};
/* End XCBuildConfiguration section */

/* Begin XCConfigurationList section */
		184617D0270257710068A3CB /* Build configuration list for PBXProject "HW2_TubaYildiz" */ = {
			isa = XCConfigurationList;
			buildConfigurations = (
				184617FD270257790068A3CB /* Debug */,
				184617FE270257790068A3CB /* Release */,
			);
			defaultConfigurationIsVisible = 0;
			defaultConfigurationName = Release;
		};
		184617FF270257790068A3CB /* Build configuration list for PBXNativeTarget "HW2_TubaYildiz" */ = {
			isa = XCConfigurationList;
			buildConfigurations = (
				18461800270257790068A3CB /* Debug */,
				18461801270257790068A3CB /* Release */,
			);
			defaultConfigurationIsVisible = 0;
			defaultConfigurationName = Release;
		};
		18461802270257790068A3CB /* Build configuration list for PBXNativeTarget "HW2_TubaYildizTests" */ = {
			isa = XCConfigurationList;
			buildConfigurations = (
				18461803270257790068A3CB /* Debug */,
				18461804270257790068A3CB /* Release */,
			);
			defaultConfigurationIsVisible = 0;
			defaultConfigurationName = Release;
		};
		18461805270257790068A3CB /* Build configuration list for PBXNativeTarget "HW2_TubaYildizUITests" */ = {
			isa = XCConfigurationList;
			buildConfigurations = (
				18461806270257790068A3CB /* Debug */,
				18461807270257790068A3CB /* Release */,
			);
			defaultConfigurationIsVisible = 0;
			defaultConfigurationName = Release;
		};
/* End XCConfigurationList section */
	};
	rootObject = 184617CD270257710068A3CB /* Project object */;
}
